{
  "name": "toy",
  "version": "1.0.0",
  "lockfileVersion": 1,
  "requires": true,
  "dependencies": {
    "async-validator": {
      "version": "3.5.1",
      "resolved": "https://registry.npm.taobao.org/async-validator/download/async-validator-3.5.1.tgz",
      "integrity": "sha1-zWK5aIskZfSEIOJ620d2CrG1VZ8="
    },
    "node": {
      "version": "15.7.0",
      "resolved": "https://registry.npm.taobao.org/node/download/node-15.7.0.tgz?cache=0&sync_timestamp=1612041078816&other_urls=https%3A%2F%2Fregistry.npm.taobao.org%2Fnode%2Fdownload%2Fnode-15.7.0.tgz",
      "integrity": "sha1-qtdvHBUVbIG+9/XhkskfSyNu66s=",
      "requires": {
        "node-bin-setup": "^1.0.0"
      }
    },
    "node-bin-setup": {
      "version": "1.0.6",
      "resolved": "https://registry.npm.taobao.org/node-bin-setup/download/node-bin-setup-1.0.6.tgz",
      "integrity": "sha1-S1ybuTfs5wLXBps2ynivRoRndSg="
    }
  }
}
